
Microsoft Visual Studio Solution File, Format Version 12.00
# Visual Studio Version 17
VisualStudioVersion = 17.4.33110.190
MinimumVisualStudioVersion = 10.0.40219.1
Project("{FAE04EC0-301F-11D3-BF4B-00C04F79EFBC}") = "GLEBuildTool", "GLEBuildTool\GLEBuildTool.csproj", "{EBC7A37D-09E2-45AB-8058-B1FCF4EFD8BF}"
EndProject
Global
	GlobalSection(SolutionConfigurationPlatforms) = preSolution
		Debug|Any CPU = Debug|Any CPU
		Release|Any CPU = Release|Any CPU
	EndGlobalSection
	GlobalSection(ProjectConfigurationPlatforms) = postSolution
		{EBC7A37D-09E2-45AB-8058-B1FCF4EFD8BF}.Debug|Any CPU.ActiveCfg = Debug|Any CPU
		{EBC7A37D-09E2-45AB-8058-B1FCF4EFD8BF}.Debug|Any CPU.Build.0 = Debug|Any CPU
		{EBC7A37D-09E2-45AB-8058-B1FCF4EFD8BF}.Release|Any CPU.ActiveCfg = Release|Any CPU
		{EBC7A37D-09E2-45AB-8058-B1FCF4EFD8BF}.Release|Any CPU.Build.0 = Release|Any CPU
	EndGlobalSection
	GlobalSection(SolutionProperties) = preSolution
		HideSolutionNode = FALSE
	EndGlobalSection
	GlobalSection(ExtensibilityGlobals) = postSolution
		SolutionGuid = {78BE25BD-DC01-4786-9F0B-AAE4A60AF13E}
	EndGlobalSection
EndGlobal
